
Microsoft Visual Studio Solution File, Format Version 12.00
# Visual Studio Version 16
VisualStudioVersion = 16.0.29123.88
MinimumVisualStudioVersion = 10.0.40219.1
Project("{FAE04EC0-301F-11D3-BF4B-00C04F79EFBC}") = "Universidad1", "Universidad1.csproj", "{FE1F110E-C614-4133-9161-30C62EF7B589}"
EndProject
Global
	GlobalSection(SolutionConfigurationPlatforms) = preSolution
		Debug|Any CPU = Debug|Any CPU
		Release|Any CPU = Release|Any CPU
	EndGlobalSection
	GlobalSection(ProjectConfigurationPlatforms) = postSolution
		{FE1F110E-C614-4133-9161-30C62EF7B589}.Debug|Any CPU.ActiveCfg = Debug|Any CPU
		{FE1F110E-C614-4133-9161-30C62EF7B589}.Debug|Any CPU.Build.0 = Debug|Any CPU
		{FE1F110E-C614-4133-9161-30C62EF7B589}.Release|Any CPU.ActiveCfg = Release|Any CPU
		{FE1F110E-C614-4133-9161-30C62EF7B589}.Release|Any CPU.Build.0 = Release|Any CPU
	EndGlobalSection
	GlobalSection(SolutionProperties) = preSolution
		HideSolutionNode = FALSE
	EndGlobalSection
	GlobalSection(ExtensibilityGlobals) = postSolution
		SolutionGuid = {9A3FA805-5A56-4A04-8C39-BFDDF408642C}
	EndGlobalSection
EndGlobal
